{
  "requires": true,
  "lockfileVersion": 1,
  "dependencies": {
    "navbar": {
      "version": "2.1.0",
      "resolved": "https://registry.npmjs.org/navbar/-/navbar-2.1.0.tgz",
      "integrity": "sha512-s+EDPMotnD2Dd5sZmsS3ZX48vPxRfsryH1fHPqScjqM2DZJgpJ8oJvR0iZHL7mZt70zW7d/x7H8yCLkrjt/CCA=="
    },
    "omicron": {
      "version": "0.2.0",
      "resolved": "https://registry.npmjs.org/omicron/-/omicron-0.2.0.tgz",
      "integrity": "sha1-WidcMxl8Nyrj2W+Tab6h1V0gsXU="
    },
    "react-hook-form": {
      "version": "7.17.4",
      "resolved": "https://registry.npmjs.org/react-hook-form/-/react-hook-form-7.17.4.tgz",
      "integrity": "sha512-7XhbCr7d9fDC1TgcK/BUbt7D3q0VJMu7jPErfsa0JrxVjv/nni41xWdJcy0Zb7R+Np8OsCkQ2lMyloAtE3DLiQ=="
    },
    "state": {
      "version": "0.2.0",
      "resolved": "https://registry.npmjs.org/state/-/state-0.2.0.tgz",
      "integrity": "sha1-32Yb2sqv/+3W4CiMh9g+N5LQU80=",
      "requires": {
        "omicron": "~0.2.0"
      }
    }
  }
}
